
Microsoft Visual Studio Solution File, Format Version 11.00
# Visual Studio 2010
Project("{FAE04EC0-301F-11D3-BF4B-00C04F79EFBC}") = "Assembly-CSharp", "Assembly-CSharp.csproj", "{B0A73471-D379-40EF-98DD-70FB382AEB6A}"
EndProject
Project("{FAE04EC0-301F-11D3-BF4B-00C04F79EFBC}") = "Assembly-CSharp-Editor", "Assembly-CSharp-Editor.csproj", "{93DB5437-A9E0-A3E2-241D-39F7460D4CF3}"
EndProject
Global
	GlobalSection(SolutionConfigurationPlatforms) = preSolution
		Debug|Any CPU = Debug|Any CPU
		Release|Any CPU = Release|Any CPU
	EndGlobalSection
	GlobalSection(ProjectConfigurationPlatforms) = postSolution
		{B0A73471-D379-40EF-98DD-70FB382AEB6A}.Debug|Any CPU.ActiveCfg = Debug|Any CPU
		{B0A73471-D379-40EF-98DD-70FB382AEB6A}.Debug|Any CPU.Build.0 = Debug|Any CPU
		{B0A73471-D379-40EF-98DD-70FB382AEB6A}.Release|Any CPU.ActiveCfg = Release|Any CPU
		{B0A73471-D379-40EF-98DD-70FB382AEB6A}.Release|Any CPU.Build.0 = Release|Any CPU
		{93DB5437-A9E0-A3E2-241D-39F7460D4CF3}.Debug|Any CPU.ActiveCfg = Debug|Any CPU
		{93DB5437-A9E0-A3E2-241D-39F7460D4CF3}.Debug|Any CPU.Build.0 = Debug|Any CPU
		{93DB5437-A9E0-A3E2-241D-39F7460D4CF3}.Release|Any CPU.ActiveCfg = Release|Any CPU
		{93DB5437-A9E0-A3E2-241D-39F7460D4CF3}.Release|Any CPU.Build.0 = Release|Any CPU
	EndGlobalSection
	GlobalSection(SolutionProperties) = preSolution
		HideSolutionNode = FALSE
	EndGlobalSection
	GlobalSection(MonoDevelopProperties) = preSolution
		StartupItem = Assembly-CSharp.csproj
	EndGlobalSection
EndGlobal
